# THIS IS AN AUTOGENERATED FILE. DO NOT EDIT THIS FILE DIRECTLY.
# yarn lockfile v1


minobjs@^1.0.0:
  version "1.0.0"
  resolved "https://registry.yarnpkg.com/minobjs/-/minobjs-1.0.0.tgz#9679a86ff1d04f6fdd9b61398061d152b5f56ffe"
  integrity sha512-uNhp6X5gKUyGGIyYapM2C3Tos3jO9CG/I01M2cU0pJXZdtSrUyjIM/b93U/wquXz0u37B4aPhIK7Ry6CUO0rBg==

typescript@^3.7.3:
  version "3.7.3"
  resolved "https://registry.yarnpkg.com/typescript/-/typescript-3.7.3.tgz#b36840668a16458a7025b9eabfad11b66ab85c69"
  integrity sha512-Mcr/Qk7hXqFBXMN7p7Lusj1ktCBydylfQM/FZCk5glCNQJrCUKPkMHdo9R0MTFWsC/4kPFvDS0fDPvukfCkFsw==
